// !$*UTF8*$!
{
	archiveVersion = 1;
	classes = {
	};
	objectVersion = 52;
	objects = {

/* Begin PBXBuildFile section */
		A327D5AB26C42B5C0048E9E4 /* HomeView.swift in Sources */ = {isa = PBXBuildFile; fileRef = A327D5AA26C42B5C0048E9E4 /* HomeView.swift */; };
		A327D5AE26C42D8B0048E9E4 /* SimpleCard.swift in Sources */ = {isa = PBXBuildFile; fileRef = A327D5AD26C42D8B0048E9E4 /* SimpleCard.swift */; };
		A327D5B026C444E00048E9E4 /* SearchBar.swift in Sources */ = {isa = PBXBuildFile; fileRef = A327D5AF26C444E00048E9E4 /* SearchBar.swift */; };
		A327D5B426C450D40048E9E4 /* ChatView.swift in Sources */ = {isa = PBXBuildFile; fileRef = A327D5B326C450D40048E9E4 /* ChatView.swift */; };
		A3481C9B26C52EB300E9C6FB /* InfoView.swift in Sources */ = {isa = PBXBuildFile; fileRef = A3481C9A26C52EB300E9C6FB /* InfoView.swift */; };
		A3481C9E26C52EEC00E9C6FB /* SettingView.swift in Sources */ = {isa = PBXBuildFile; fileRef = A3481C9D26C52EEC00E9C6FB /* SettingView.swift */; };
		A3481CA026C55C0300E9C6FB /* Information.swift in Sources */ = {isa = PBXBuildFile; fileRef = A3481C9F26C55C0300E9C6FB /* Information.swift */; };
		A3481CA426C597B000E9C6FB /* UserDetails.swift in Sources */ = {isa = PBXBuildFile; fileRef = A3481CA326C597B000E9C6FB /* UserDetails.swift */; };
		A3481CA726C5DB2900E9C6FB /* SocketIO in Frameworks */ = {isa = PBXBuildFile; productRef = A3481CA626C5DB2900E9C6FB /* SocketIO */; };
		A3481CA926C5DC0500E9C6FB /* SocketIO.swift in Sources */ = {isa = PBXBuildFile; fileRef = A3481CA826C5DC0500E9C6FB /* SocketIO.swift */; };
		A3481CAD26C63A0B00E9C6FB /* User.swift in Sources */ = {isa = PBXBuildFile; fileRef = A3481CAC26C63A0B00E9C6FB /* User.swift */; };
		A36EFE4926C51F1200382578 /* ListFriendView.swift in Sources */ = {isa = PBXBuildFile; fileRef = A36EFE4826C51F1200382578 /* ListFriendView.swift */; };
		A3B42EA126BEDD62008DA684 /* CustomButton.swift in Sources */ = {isa = PBXBuildFile; fileRef = A3B42EA026BEDD62008DA684 /* CustomButton.swift */; };
		A3C4845526C238B90037389D /* Alamofire.swift in Sources */ = {isa = PBXBuildFile; fileRef = A3C4845426C238B90037389D /* Alamofire.swift */; };
		A3C4845826C23BCC0037389D /* Alamofire in Frameworks */ = {isa = PBXBuildFile; productRef = A3C4845726C23BCC0037389D /* Alamofire */; };
		A3C4845F26C2C0D30037389D /* ListUser.swift in Sources */ = {isa = PBXBuildFile; fileRef = A3C4845E26C2C0D30037389D /* ListUser.swift */; };
		A3D72A4426BECB1C00332E44 /* MessengerApp.swift in Sources */ = {isa = PBXBuildFile; fileRef = A3D72A4326BECB1C00332E44 /* MessengerApp.swift */; };
		A3D72A4626BECB1C00332E44 /* ContentView.swift in Sources */ = {isa = PBXBuildFile; fileRef = A3D72A4526BECB1C00332E44 /* ContentView.swift */; };
		A3D72A4826BECB1D00332E44 /* Assets.xcassets in Resources */ = {isa = PBXBuildFile; fileRef = A3D72A4726BECB1D00332E44 /* Assets.xcassets */; };
		A3D72A4B26BECB1D00332E44 /* Preview Assets.xcassets in Resources */ = {isa = PBXBuildFile; fileRef = A3D72A4A26BECB1D00332E44 /* Preview Assets.xcassets */; };
		A3D72A5626BECB1D00332E44 /* MessengerTests.swift in Sources */ = {isa = PBXBuildFile; fileRef = A3D72A5526BECB1D00332E44 /* MessengerTests.swift */; };
		A3D72A6126BECB1D00332E44 /* MessengerUITests.swift in Sources */ = {isa = PBXBuildFile; fileRef = A3D72A6026BECB1D00332E44 /* MessengerUITests.swift */; };
		A3D72A7026BECBCE00332E44 /* LoginView.swift in Sources */ = {isa = PBXBuildFile; fileRef = A3D72A6F26BECBCE00332E44 /* LoginView.swift */; };
/* End PBXBuildFile section */

/* Begin PBXContainerItemProxy section */
		A3D72A5226BECB1D00332E44 /* PBXContainerItemProxy */ = {
			isa = PBXContainerItemProxy;
			containerPortal = A3D72A3826BECB1C00332E44 /* Project object */;
			proxyType = 1;
			remoteGlobalIDString = A3D72A3F26BECB1C00332E44;
			remoteInfo = Messenger;
		};
		A3D72A5D26BECB1D00332E44 /* PBXContainerItemProxy */ = {
			isa = PBXContainerItemProxy;
			containerPortal = A3D72A3826BECB1C00332E44 /* Project object */;
			proxyType = 1;
			remoteGlobalIDString = A3D72A3F26BECB1C00332E44;
			remoteInfo = Messenger;
		};
/* End PBXContainerItemProxy section */

/* Begin PBXFileReference section */
		A327D5AA26C42B5C0048E9E4 /* HomeView.swift */ = {isa = PBXFileReference; lastKnownFileType = sourcecode.swift; path = HomeView.swift; sourceTree = "<group>"; };
		A327D5AD26C42D8B0048E9E4 /* SimpleCard.swift */ = {isa = PBXFileReference; lastKnownFileType = sourcecode.swift; path = SimpleCard.swift; sourceTree = "<group>"; };
		A327D5AF26C444E00048E9E4 /* SearchBar.swift */ = {isa = PBXFileReference; lastKnownFileType = sourcecode.swift; path = SearchBar.swift; sourceTree = "<group>"; };
		A327D5B326C450D40048E9E4 /* ChatView.swift */ = {isa = PBXFileReference; lastKnownFileType = sourcecode.swift; path = ChatView.swift; sourceTree = "<group>"; };
		A3481C9A26C52EB300E9C6FB /* InfoView.swift */ = {isa = PBXFileReference; lastKnownFileType = sourcecode.swift; path = InfoView.swift; sourceTree = "<group>"; };
		A3481C9D26C52EEC00E9C6FB /* SettingView.swift */ = {isa = PBXFileReference; lastKnownFileType = sourcecode.swift; path = SettingView.swift; sourceTree = "<group>"; };
		A3481C9F26C55C0300E9C6FB /* Information.swift */ = {isa = PBXFileReference; lastKnownFileType = sourcecode.swift; path = Information.swift; sourceTree = "<group>"; };
		A3481CA326C597B000E9C6FB /* UserDetails.swift */ = {isa = PBXFileReference; lastKnownFileType = sourcecode.swift; path = UserDetails.swift; sourceTree = "<group>"; };
		A3481CA826C5DC0500E9C6FB /* SocketIO.swift */ = {isa = PBXFileReference; lastKnownFileType = sourcecode.swift; path = SocketIO.swift; sourceTree = "<group>"; };
		A3481CAC26C63A0B00E9C6FB /* User.swift */ = {isa = PBXFileReference; lastKnownFileType = sourcecode.swift; path = User.swift; sourceTree = "<group>"; };
		A36EFE4826C51F1200382578 /* ListFriendView.swift */ = {isa = PBXFileReference; lastKnownFileType = sourcecode.swift; path = ListFriendView.swift; sourceTree = "<group>"; };
		A3B42EA026BEDD62008DA684 /* CustomButton.swift */ = {isa = PBXFileReference; lastKnownFileType = sourcecode.swift; path = CustomButton.swift; sourceTree = "<group>"; };
		A3C4845426C238B90037389D /* Alamofire.swift */ = {isa = PBXFileReference; lastKnownFileType = sourcecode.swift; path = Alamofire.swift; sourceTree = "<group>"; };
		A3C4845E26C2C0D30037389D /* ListUser.swift */ = {isa = PBXFileReference; lastKnownFileType = sourcecode.swift; path = ListUser.swift; sourceTree = "<group>"; };
		A3D72A4026BECB1C00332E44 /* Messenger.app */ = {isa = PBXFileReference; explicitFileType = wrapper.application; includeInIndex = 0; path = Messenger.app; sourceTree = BUILT_PRODUCTS_DIR; };
		A3D72A4326BECB1C00332E44 /* MessengerApp.swift */ = {isa = PBXFileReference; lastKnownFileType = sourcecode.swift; path = MessengerApp.swift; sourceTree = "<group>"; };
		A3D72A4526BECB1C00332E44 /* ContentView.swift */ = {isa = PBXFileReference; lastKnownFileType = sourcecode.swift; path = ContentView.swift; sourceTree = "<group>"; };
		A3D72A4726BECB1D00332E44 /* Assets.xcassets */ = {isa = PBXFileReference; lastKnownFileType = folder.assetcatalog; path = Assets.xcassets; sourceTree = "<group>"; };
		A3D72A4A26BECB1D00332E44 /* Preview Assets.xcassets */ = {isa = PBXFileReference; lastKnownFileType = folder.assetcatalog; path = "Preview Assets.xcassets"; sourceTree = "<group>"; };
		A3D72A4C26BECB1D00332E44 /* Info.plist */ = {isa = PBXFileReference; lastKnownFileType = text.plist.xml; path = Info.plist; sourceTree = "<group>"; };
		A3D72A5126BECB1D00332E44 /* MessengerTests.xctest */ = {isa = PBXFileReference; explicitFileType = wrapper.cfbundle; includeInIndex = 0; path = MessengerTests.xctest; sourceTree = BUILT_PRODUCTS_DIR; };
		A3D72A5526BECB1D00332E44 /* MessengerTests.swift */ = {isa = PBXFileReference; lastKnownFileType = sourcecode.swift; path = MessengerTests.swift; sourceTree = "<group>"; };
		A3D72A5726BECB1D00332E44 /* Info.plist */ = {isa = PBXFileReference; lastKnownFileType = text.plist.xml; path = Info.plist; sourceTree = "<group>"; };
		A3D72A5C26BECB1D00332E44 /* MessengerUITests.xctest */ = {isa = PBXFileReference; explicitFileType = wrapper.cfbundle; includeInIndex = 0; path = MessengerUITests.xctest; sourceTree = BUILT_PRODUCTS_DIR; };
		A3D72A6026BECB1D00332E44 /* MessengerUITests.swift */ = {isa = PBXFileReference; lastKnownFileType = sourcecode.swift; path = MessengerUITests.swift; sourceTree = "<group>"; };
		A3D72A6226BECB1D00332E44 /* Info.plist */ = {isa = PBXFileReference; lastKnownFileType = text.plist.xml; path = Info.plist; sourceTree = "<group>"; };
		A3D72A6F26BECBCE00332E44 /* LoginView.swift */ = {isa = PBXFileReference; lastKnownFileType = sourcecode.swift; path = LoginView.swift; sourceTree = "<group>"; };
/* End PBXFileReference section */

/* Begin PBXFrameworksBuildPhase section */
		A3D72A3D26BECB1C00332E44 /* Frameworks */ = {
			isa = PBXFrameworksBuildPhase;
			buildActionMask = 2147483647;
			files = (
				A3C4845826C23BCC0037389D /* Alamofire in Frameworks */,
				A3481CA726C5DB2900E9C6FB /* SocketIO in Frameworks */,
			);
			runOnlyForDeploymentPostprocessing = 0;
		};
		A3D72A4E26BECB1D00332E44 /* Frameworks */ = {
			isa = PBXFrameworksBuildPhase;
			buildActionMask = 2147483647;
			files = (
			);
			runOnlyForDeploymentPostprocessing = 0;
		};
		A3D72A5926BECB1D00332E44 /* Frameworks */ = {
			isa = PBXFrameworksBuildPhase;
			buildActionMask = 2147483647;
			files = (
			);
			runOnlyForDeploymentPostprocessing = 0;
		};
/* End PBXFrameworksBuildPhase section */

/* Begin PBXGroup section */
		A327D5AC26C42D580048E9E4 /* Home */ = {
			isa = PBXGroup;
			children = (
				A3481C9926C52E9900E9C6FB /* Info User */,
				A36EFE4A26C5206900382578 /* List User */,
				A36EFE4726C51D8900382578 /* List Friend */,
				A3481C9C26C52EDD00E9C6FB /* Setting View */,
				A327D5AA26C42B5C0048E9E4 /* HomeView.swift */,
			);
			path = Home;
			sourceTree = "<group>";
		};
		A327D5B126C450B00048E9E4 /* Chat */ = {
			isa = PBXGroup;
			children = (
				A327D5B326C450D40048E9E4 /* ChatView.swift */,
			);
			path = Chat;
			sourceTree = "<group>";
		};
		A327D5B226C450BF0048E9E4 /* Main Views */ = {
			isa = PBXGroup;
			children = (
				A3D72A4526BECB1C00332E44 /* ContentView.swift */,
				A3D72A6E26BECB9C00332E44 /* Login */,
				A327D5AC26C42D580048E9E4 /* Home */,
				A327D5B126C450B00048E9E4 /* Chat */,
			);
			path = "Main Views";
			sourceTree = "<group>";
		};
		A3481C9926C52E9900E9C6FB /* Info User */ = {
			isa = PBXGroup;
			children = (
				A3481C9A26C52EB300E9C6FB /* InfoView.swift */,
				A3481C9F26C55C0300E9C6FB /* Information.swift */,
			);
			path = "Info User";
			sourceTree = "<group>";
		};
		A3481C9C26C52EDD00E9C6FB /* Setting View */ = {
			isa = PBXGroup;
			children = (
				A3481C9D26C52EEC00E9C6FB /* SettingView.swift */,
			);
			path = "Setting View";
			sourceTree = "<group>";
		};
		A3481CAA26C5DC0B00E9C6FB /* API */ = {
			isa = PBXGroup;
			children = (
				A3C4845426C238B90037389D /* Alamofire.swift */,
				A3481CA826C5DC0500E9C6FB /* SocketIO.swift */,
			);
			path = API;
			sourceTree = "<group>";
		};
		A3481CAB26C639FE00E9C6FB /* Models */ = {
			isa = PBXGroup;
			children = (
				A3481CAC26C63A0B00E9C6FB /* User.swift */,
			);
			path = Models;
			sourceTree = "<group>";
		};
		A36EFE4726C51D8900382578 /* List Friend */ = {
			isa = PBXGroup;
			children = (
				A36EFE4826C51F1200382578 /* ListFriendView.swift */,
			);
			path = "List Friend";
			sourceTree = "<group>";
		};
		A36EFE4A26C5206900382578 /* List User */ = {
			isa = PBXGroup;
			children = (
				A3C4845E26C2C0D30037389D /* ListUser.swift */,
				A3481CA326C597B000E9C6FB /* UserDetails.swift */,
			);
			path = "List User";
			sourceTree = "<group>";
		};
		A3B42E9F26BEDD4E008DA684 /* Custom */ = {
			isa = PBXGroup;
			children = (
				A327D5AF26C444E00048E9E4 /* SearchBar.swift */,
				A327D5AD26C42D8B0048E9E4 /* SimpleCard.swift */,
				A3B42EA026BEDD62008DA684 /* CustomButton.swift */,
			);
			path = Custom;
			sourceTree = "<group>";
		};
		A3D72A3726BECB1C00332E44 = {
			isa = PBXGroup;
			children = (
				A3D72A4226BECB1C00332E44 /* Messenger */,
				A3D72A5426BECB1D00332E44 /* MessengerTests */,
				A3D72A5F26BECB1D00332E44 /* MessengerUITests */,
				A3D72A4126BECB1C00332E44 /* Products */,
			);
			sourceTree = "<group>";
		};
		A3D72A4126BECB1C00332E44 /* Products */ = {
			isa = PBXGroup;
			children = (
				A3D72A4026BECB1C00332E44 /* Messenger.app */,
				A3D72A5126BECB1D00332E44 /* MessengerTests.xctest */,
				A3D72A5C26BECB1D00332E44 /* MessengerUITests.xctest */,
			);
			name = Products;
			sourceTree = "<group>";
		};
		A3D72A4226BECB1C00332E44 /* Messenger */ = {
			isa = PBXGroup;
			children = (
				A3481CAA26C5DC0B00E9C6FB /* API */,
				A3481CAB26C639FE00E9C6FB /* Models */,
				A327D5B226C450BF0048E9E4 /* Main Views */,
				A3B42E9F26BEDD4E008DA684 /* Custom */,
				A3D72A4326BECB1C00332E44 /* MessengerApp.swift */,
				A3D72A4726BECB1D00332E44 /* Assets.xcassets */,
				A3D72A4C26BECB1D00332E44 /* Info.plist */,
				A3D72A4926BECB1D00332E44 /* Preview Content */,
			);
			path = Messenger;
			sourceTree = "<group>";
		};
		A3D72A4926BECB1D00332E44 /* Preview Content */ = {
			isa = PBXGroup;
			children = (
				A3D72A4A26BECB1D00332E44 /* Preview Assets.xcassets */,
			);
			path = "Preview Content";
			sourceTree = "<group>";
		};
		A3D72A5426BECB1D00332E44 /* MessengerTests */ = {
			isa = PBXGroup;
			children = (
				A3D72A5526BECB1D00332E44 /* MessengerTests.swift */,
				A3D72A5726BECB1D00332E44 /* Info.plist */,
			);
			path = MessengerTests;
			sourceTree = "<group>";
		};
		A3D72A5F26BECB1D00332E44 /* MessengerUITests */ = {
			isa = PBXGroup;
			children = (
				A3D72A6026BECB1D00332E44 /* MessengerUITests.swift */,
				A3D72A6226BECB1D00332E44 /* Info.plist */,
			);
			path = MessengerUITests;
			sourceTree = "<group>";
		};
		A3D72A6E26BECB9C00332E44 /* Login */ = {
			isa = PBXGroup;
			children = (
				A3D72A6F26BECBCE00332E44 /* LoginView.swift */,
			);
			path = Login;
			sourceTree = "<group>";
		};
/* End PBXGroup section */

/* Begin PBXNativeTarget section */
		A3D72A3F26BECB1C00332E44 /* Messenger */ = {
			isa = PBXNativeTarget;
			buildConfigurationList = A3D72A6526BECB1D00332E44 /* Build configuration list for PBXNativeTarget "Messenger" */;
			buildPhases = (
				A3D72A3C26BECB1C00332E44 /* Sources */,
				A3D72A3D26BECB1C00332E44 /* Frameworks */,
				A3D72A3E26BECB1C00332E44 /* Resources */,
			);
			buildRules = (
			);
			dependencies = (
			);
			name = Messenger;
			packageProductDependencies = (
				A3C4845726C23BCC0037389D /* Alamofire */,
				A3481CA626C5DB2900E9C6FB /* SocketIO */,
			);
			productName = Messenger;
			productReference = A3D72A4026BECB1C00332E44 /* Messenger.app */;
			productType = "com.apple.product-type.application";
		};
		A3D72A5026BECB1D00332E44 /* MessengerTests */ = {
			isa = PBXNativeTarget;
			buildConfigurationList = A3D72A6826BECB1D00332E44 /* Build configuration list for PBXNativeTarget "MessengerTests" */;
			buildPhases = (
				A3D72A4D26BECB1D00332E44 /* Sources */,
				A3D72A4E26BECB1D00332E44 /* Frameworks */,
				A3D72A4F26BECB1D00332E44 /* Resources */,
			);
			buildRules = (
			);
			dependencies = (
				A3D72A5326BECB1D00332E44 /* PBXTargetDependency */,
			);
			name = MessengerTests;
			productName = MessengerTests;
			productReference = A3D72A5126BECB1D00332E44 /* MessengerTests.xctest */;
			productType = "com.apple.product-type.bundle.unit-test";
		};
		A3D72A5B26BECB1D00332E44 /* MessengerUITests */ = {
			isa = PBXNativeTarget;
			buildConfigurationList = A3D72A6B26BECB1D00332E44 /* Build configuration list for PBXNativeTarget "MessengerUITests" */;
			buildPhases = (
				A3D72A5826BECB1D00332E44 /* Sources */,
				A3D72A5926BECB1D00332E44 /* Frameworks */,
				A3D72A5A26BECB1D00332E44 /* Resources */,
			);
			buildRules = (
			);
			dependencies = (
				A3D72A5E26BECB1D00332E44 /* PBXTargetDependency */,
			);
			name = MessengerUITests;
			productName = MessengerUITests;
			productReference = A3D72A5C26BECB1D00332E44 /* MessengerUITests.xctest */;
			productType = "com.apple.product-type.bundle.ui-testing";
		};
/* End PBXNativeTarget section */

/* Begin PBXProject section */
		A3D72A3826BECB1C00332E44 /* Project object */ = {
			isa = PBXProject;
			attributes = {
				LastSwiftUpdateCheck = 1250;
				LastUpgradeCheck = 1250;
				TargetAttributes = {
					A3D72A3F26BECB1C00332E44 = {
						CreatedOnToolsVersion = 12.5.1;
					};
					A3D72A5026BECB1D00332E44 = {
						CreatedOnToolsVersion = 12.5.1;
						TestTargetID = A3D72A3F26BECB1C00332E44;
					};
					A3D72A5B26BECB1D00332E44 = {
						CreatedOnToolsVersion = 12.5.1;
						TestTargetID = A3D72A3F26BECB1C00332E44;
					};
				};
			};
			buildConfigurationList = A3D72A3B26BECB1C00332E44 /* Build configuration list for PBXProject "Messenger" */;
			compatibilityVersion = "Xcode 9.3";
			developmentRegion = en;
			hasScannedForEncodings = 0;
			knownRegions = (
				en,
				Base,
			);
			mainGroup = A3D72A3726BECB1C00332E44;
			packageReferences = (
				A3C4845626C23BCC0037389D /* XCRemoteSwiftPackageReference "Alamofire" */,
				A3481CA526C5DB2900E9C6FB /* XCRemoteSwiftPackageReference "socket.io-client-swift" */,
			);
			productRefGroup = A3D72A4126BECB1C00332E44 /* Products */;
			projectDirPath = "";
			projectRoot = "";
			targets = (
				A3D72A3F26BECB1C00332E44 /* Messenger */,
				A3D72A5026BECB1D00332E44 /* MessengerTests */,
				A3D72A5B26BECB1D00332E44 /* MessengerUITests */,
			);
		};
/* End PBXProject section */

/* Begin PBXResourcesBuildPhase section */
		A3D72A3E26BECB1C00332E44 /* Resources */ = {
			isa = PBXResourcesBuildPhase;
			buildActionMask = 2147483647;
			files = (
				A3D72A4B26BECB1D00332E44 /* Preview Assets.xcassets in Resources */,
				A3D72A4826BECB1D00332E44 /* Assets.xcassets in Resources */,
			);
			runOnlyForDeploymentPostprocessing = 0;
		};
		A3D72A4F26BECB1D00332E44 /* Resources */ = {
			isa = PBXResourcesBuildPhase;
			buildActionMask = 2147483647;
			files = (
			);
			runOnlyForDeploymentPostprocessing = 0;
		};
		A3D72A5A26BECB1D00332E44 /* Resources */ = {
			isa = PBXResourcesBuildPhase;
			buildActionMask = 2147483647;
			files = (
			);
			runOnlyForDeploymentPostprocessing = 0;
		};
/* End PBXResourcesBuildPhase section */

/* Begin PBXSourcesBuildPhase section */
		A3D72A3C26BECB1C00332E44 /* Sources */ = {
			isa = PBXSourcesBuildPhase;
			buildActionMask = 2147483647;
			files = (
				A327D5AB26C42B5C0048E9E4 /* HomeView.swift in Sources */,
				A3C4845526C238B90037389D /* Alamofire.swift in Sources */,
				A3D72A7026BECBCE00332E44 /* LoginView.swift in Sources */,
				A327D5B426C450D40048E9E4 /* ChatView.swift in Sources */,
				A3481C9B26C52EB300E9C6FB /* InfoView.swift in Sources */,
				A327D5AE26C42D8B0048E9E4 /* SimpleCard.swift in Sources */,
				A36EFE4926C51F1200382578 /* ListFriendView.swift in Sources */,
				A3481CAD26C63A0B00E9C6FB /* User.swift in Sources */,
				A3D72A4626BECB1C00332E44 /* ContentView.swift in Sources */,
				A3481CA026C55C0300E9C6FB /* Information.swift in Sources */,
				A3481C9E26C52EEC00E9C6FB /* SettingView.swift in Sources */,
				A3481CA926C5DC0500E9C6FB /* SocketIO.swift in Sources */,
				A3D72A4426BECB1C00332E44 /* MessengerApp.swift in Sources */,
				A3B42EA126BEDD62008DA684 /* CustomButton.swift in Sources */,
				A3C4845F26C2C0D30037389D /* ListUser.swift in Sources */,
				A327D5B026C444E00048E9E4 /* SearchBar.swift in Sources */,
				A3481CA426C597B000E9C6FB /* UserDetails.swift in Sources */,
			);
			runOnlyForDeploymentPostprocessing = 0;
		};
		A3D72A4D26BECB1D00332E44 /* Sources */ = {
			isa = PBXSourcesBuildPhase;
			buildActionMask = 2147483647;
			files = (
				A3D72A5626BECB1D00332E44 /* MessengerTests.swift in Sources */,
			);
			runOnlyForDeploymentPostprocessing = 0;
		};
		A3D72A5826BECB1D00332E44 /* Sources */ = {
			isa = PBXSourcesBuildPhase;
			buildActionMask = 2147483647;
			files = (
				A3D72A6126BECB1D00332E44 /* MessengerUITests.swift in Sources */,
			);
			runOnlyForDeploymentPostprocessing = 0;
		};
/* End PBXSourcesBuildPhase section */

/* Begin PBXTargetDependency section */
		A3D72A5326BECB1D00332E44 /* PBXTargetDependency */ = {
			isa = PBXTargetDependency;
			target = A3D72A3F26BECB1C00332E44 /* Messenger */;
			targetProxy = A3D72A5226BECB1D00332E44 /* PBXContainerItemProxy */;
		};
		A3D72A5E26BECB1D00332E44 /* PBXTargetDependency */ = {
			isa = PBXTargetDependency;
			target = A3D72A3F26BECB1C00332E44 /* Messenger */;
			targetProxy = A3D72A5D26BECB1D00332E44 /* PBXContainerItemProxy */;
		};
/* End PBXTargetDependency section */

/* Begin XCBuildConfiguration section */
		A3D72A6326BECB1D00332E44 /* Debug */ = {
			isa = XCBuildConfiguration;
			buildSettings = {
				ALWAYS_SEARCH_USER_PATHS = NO;
				CLANG_ANALYZER_NONNULL = YES;
				CLANG_ANALYZER_NUMBER_OBJECT_CONVERSION = YES_AGGRESSIVE;
				CLANG_CXX_LANGUAGE_STANDARD = "gnu++14";
				CLANG_CXX_LIBRARY = "libc++";
				CLANG_ENABLE_MODULES = YES;
				CLANG_ENABLE_OBJC_ARC = YES;
				CLANG_ENABLE_OBJC_WEAK = YES;
				CLANG_WARN_BLOCK_CAPTURE_AUTORELEASING = YES;
				CLANG_WARN_BOOL_CONVERSION = YES;
				CLANG_WARN_COMMA = YES;
				CLANG_WARN_CONSTANT_CONVERSION = YES;
				CLANG_WARN_DEPRECATED_OBJC_IMPLEMENTATIONS = YES;
				CLANG_WARN_DIRECT_OBJC_ISA_USAGE = YES_ERROR;
				CLANG_WARN_DOCUMENTATION_COMMENTS = YES;
				CLANG_WARN_EMPTY_BODY = YES;
				CLANG_WARN_ENUM_CONVERSION = YES;
				CLANG_WARN_INFINITE_RECURSION = YES;
				CLANG_WARN_INT_CONVERSION = YES;
				CLANG_WARN_NON_LITERAL_NULL_CONVERSION = YES;
				CLANG_WARN_OBJC_IMPLICIT_RETAIN_SELF = YES;
				CLANG_WARN_OBJC_LITERAL_CONVERSION = YES;
				CLANG_WARN_OBJC_ROOT_CLASS = YES_ERROR;
				CLANG_WARN_QUOTED_INCLUDE_IN_FRAMEWORK_HEADER = YES;
				CLANG_WARN_RANGE_LOOP_ANALYSIS = YES;
				CLANG_WARN_STRICT_PROTOTYPES = YES;
				CLANG_WARN_SUSPICIOUS_MOVE = YES;
				CLANG_WARN_UNGUARDED_AVAILABILITY = YES_AGGRESSIVE;
				CLANG_WARN_UNREACHABLE_CODE = YES;
				CLANG_WARN__DUPLICATE_METHOD_MATCH = YES;
				COPY_PHASE_STRIP = NO;
				DEBUG_INFORMATION_FORMAT = dwarf;
				ENABLE_STRICT_OBJC_MSGSEND = YES;
				ENABLE_TESTABILITY = YES;
				GCC_C_LANGUAGE_STANDARD = gnu11;
				GCC_DYNAMIC_NO_PIC = NO;
				GCC_NO_COMMON_BLOCKS = YES;
				GCC_OPTIMIZATION_LEVEL = 0;
				GCC_PREPROCESSOR_DEFINITIONS = (
					"DEBUG=1",
					"$(inherited)",
				);
				GCC_WARN_64_TO_32_BIT_CONVERSION = YES;
				GCC_WARN_ABOUT_RETURN_TYPE = YES_ERROR;
				GCC_WARN_UNDECLARED_SELECTOR = YES;
				GCC_WARN_UNINITIALIZED_AUTOS = YES_AGGRESSIVE;
				GCC_WARN_UNUSED_FUNCTION = YES;
				GCC_WARN_UNUSED_VARIABLE = YES;
				IPHONEOS_DEPLOYMENT_TARGET = 14.5;
				MTL_ENABLE_DEBUG_INFO = INCLUDE_SOURCE;
				MTL_FAST_MATH = YES;
				ONLY_ACTIVE_ARCH = YES;
				SDKROOT = iphoneos;
				SWIFT_ACTIVE_COMPILATION_CONDITIONS = DEBUG;
				SWIFT_OPTIMIZATION_LEVEL = "-Onone";
			};
			name = Debug;
		};
		A3D72A6426BECB1D00332E44 /* Release */ = {
			isa = XCBuildConfiguration;
			buildSettings = {
				ALWAYS_SEARCH_USER_PATHS = NO;
				CLANG_ANALYZER_NONNULL = YES;
				CLANG_ANALYZER_NUMBER_OBJECT_CONVERSION = YES_AGGRESSIVE;
				CLANG_CXX_LANGUAGE_STANDARD = "gnu++14";
				CLANG_CXX_LIBRARY = "libc++";
				CLANG_ENABLE_MODULES = YES;
				CLANG_ENABLE_OBJC_ARC = YES;
				CLANG_ENABLE_OBJC_WEAK = YES;
				CLANG_WARN_BLOCK_CAPTURE_AUTORELEASING = YES;
				CLANG_WARN_BOOL_CONVERSION = YES;
				CLANG_WARN_COMMA = YES;
				CLANG_WARN_CONSTANT_CONVERSION = YES;
				CLANG_WARN_DEPRECATED_OBJC_IMPLEMENTATIONS = YES;
				CLANG_WARN_DIRECT_OBJC_ISA_USAGE = YES_ERROR;
				CLANG_WARN_DOCUMENTATION_COMMENTS = YES;
				CLANG_WARN_EMPTY_BODY = YES;
				CLANG_WARN_ENUM_CONVERSION = YES;
				CLANG_WARN_INFINITE_RECURSION = YES;
				CLANG_WARN_INT_CONVERSION = YES;
				CLANG_WARN_NON_LITERAL_NULL_CONVERSION = YES;
				CLANG_WARN_OBJC_IMPLICIT_RETAIN_SELF = YES;
				CLANG_WARN_OBJC_LITERAL_CONVERSION = YES;
				CLANG_WARN_OBJC_ROOT_CLASS = YES_ERROR;
				CLANG_WARN_QUOTED_INCLUDE_IN_FRAMEWORK_HEADER = YES;
				CLANG_WARN_RANGE_LOOP_ANALYSIS = YES;
				CLANG_WARN_STRICT_PROTOTYPES = YES;
				CLANG_WARN_SUSPICIOUS_MOVE = YES;
				CLANG_WARN_UNGUARDED_AVAILABILITY = YES_AGGRESSIVE;
				CLANG_WARN_UNREACHABLE_CODE = YES;
				CLANG_WARN__DUPLICATE_METHOD_MATCH = YES;
				COPY_PHASE_STRIP = NO;
				DEBUG_INFORMATION_FORMAT = "dwarf-with-dsym";
				ENABLE_NS_ASSERTIONS = NO;
				ENABLE_STRICT_OBJC_MSGSEND = YES;
				GCC_C_LANGUAGE_STANDARD = gnu11;
				GCC_NO_COMMON_BLOCKS = YES;
				GCC_WARN_64_TO_32_BIT_CONVERSION = YES;
				GCC_WARN_ABOUT_RETURN_TYPE = YES_ERROR;
				GCC_WARN_UNDECLARED_SELECTOR = YES;
				GCC_WARN_UNINITIALIZED_AUTOS = YES_AGGRESSIVE;
				GCC_WARN_UNUSED_FUNCTION = YES;
				GCC_WARN_UNUSED_VARIABLE = YES;
				IPHONEOS_DEPLOYMENT_TARGET = 14.5;
				MTL_ENABLE_DEBUG_INFO = NO;
				MTL_FAST_MATH = YES;
				SDKROOT = iphoneos;
				SWIFT_COMPILATION_MODE = wholemodule;
				SWIFT_OPTIMIZATION_LEVEL = "-O";
				VALIDATE_PRODUCT = YES;
			};
			name = Release;
		};
		A3D72A6626BECB1D00332E44 /* Debug */ = {
			isa = XCBuildConfiguration;
			buildSettings = {
				ASSETCATALOG_COMPILER_APPICON_NAME = AppIcon;
				ASSETCATALOG_COMPILER_GLOBAL_ACCENT_COLOR_NAME = AccentColor;
				CODE_SIGN_STYLE = Automatic;
				DEVELOPMENT_ASSET_PATHS = "\"Messenger/Preview Content\"";
				DEVELOPMENT_TEAM = NW4TV32R2S;
				ENABLE_PREVIEWS = YES;
				INFOPLIST_FILE = Messenger/Info.plist;
				IPHONEOS_DEPLOYMENT_TARGET = 14.0;
				LD_RUNPATH_SEARCH_PATHS = (
					"$(inherited)",
					"@executable_path/Frameworks",
				);
				PRODUCT_BUNDLE_IDENTIFIER = tinguyen.Messenger;
				PRODUCT_NAME = "$(TARGET_NAME)";
				SWIFT_VERSION = 5.0;
				TARGETED_DEVICE_FAMILY = "1,2";
			};
			name = Debug;
		};
		A3D72A6726BECB1D00332E44 /* Release */ = {
			isa = XCBuildConfiguration;
			buildSettings = {
				ASSETCATALOG_COMPILER_APPICON_NAME = AppIcon;
				ASSETCATALOG_COMPILER_GLOBAL_ACCENT_COLOR_NAME = AccentColor;
				CODE_SIGN_STYLE = Automatic;
				DEVELOPMENT_ASSET_PATHS = "\"Messenger/Preview Content\"";
				DEVELOPMENT_TEAM = NW4TV32R2S;
				ENABLE_PREVIEWS = YES;
				INFOPLIST_FILE = Messenger/Info.plist;
				IPHONEOS_DEPLOYMENT_TARGET = 14.0;
				LD_RUNPATH_SEARCH_PATHS = (
					"$(inherited)",
					"@executable_path/Frameworks",
				);
				PRODUCT_BUNDLE_IDENTIFIER = tinguyen.Messenger;
				PRODUCT_NAME = "$(TARGET_NAME)";
				SWIFT_VERSION = 5.0;
				TARGETED_DEVICE_FAMILY = "1,2";
			};
			name = Release;
		};
		A3D72A6926BECB1D00332E44 /* Debug */ = {
			isa = XCBuildConfiguration;
			buildSettings = {
				ALWAYS_EMBED_SWIFT_STANDARD_LIBRARIES = YES;
				BUNDLE_LOADER = "$(TEST_HOST)";
				CODE_SIGN_STYLE = Automatic;
				DEVELOPMENT_TEAM = NW4TV32R2S;
				INFOPLIST_FILE = MessengerTests/Info.plist;
				IPHONEOS_DEPLOYMENT_TARGET = 14.0;
				LD_RUNPATH_SEARCH_PATHS = (
					"$(inherited)",
					"@executable_path/Frameworks",
					"@loader_path/Frameworks",
				);
				PRODUCT_BUNDLE_IDENTIFIER = tinguyen.MessengerTests;
				PRODUCT_NAME = "$(TARGET_NAME)";
				SWIFT_VERSION = 5.0;
				TARGETED_DEVICE_FAMILY = "1,2";
				TEST_HOST = "$(BUILT_PRODUCTS_DIR)/Messenger.app/Messenger";
			};
			name = Debug;
		};
		A3D72A6A26BECB1D00332E44 /* Release */ = {
			isa = XCBuildConfiguration;
			buildSettings = {
				ALWAYS_EMBED_SWIFT_STANDARD_LIBRARIES = YES;
				BUNDLE_LOADER = "$(TEST_HOST)";
				CODE_SIGN_STYLE = Automatic;
				DEVELOPMENT_TEAM = NW4TV32R2S;
				INFOPLIST_FILE = MessengerTests/Info.plist;
				IPHONEOS_DEPLOYMENT_TARGET = 14.0;
				LD_RUNPATH_SEARCH_PATHS = (
					"$(inherited)",
					"@executable_path/Frameworks",
					"@loader_path/Frameworks",
				);
				PRODUCT_BUNDLE_IDENTIFIER = tinguyen.MessengerTests;
				PRODUCT_NAME = "$(TARGET_NAME)";
				SWIFT_VERSION = 5.0;
				TARGETED_DEVICE_FAMILY = "1,2";
				TEST_HOST = "$(BUILT_PRODUCTS_DIR)/Messenger.app/Messenger";
			};
			name = Release;
		};
		A3D72A6C26BECB1D00332E44 /* Debug */ = {
			isa = XCBuildConfiguration;
			buildSettings = {
				ALWAYS_EMBED_SWIFT_STANDARD_LIBRARIES = YES;
				CODE_SIGN_STYLE = Automatic;
				DEVELOPMENT_TEAM = NW4TV32R2S;
				INFOPLIST_FILE = MessengerUITests/Info.plist;
				LD_RUNPATH_SEARCH_PATHS = (
					"$(inherited)",
					"@executable_path/Frameworks",
					"@loader_path/Frameworks",
				);
				PRODUCT_BUNDLE_IDENTIFIER = tinguyen.MessengerUITests;
				PRODUCT_NAME = "$(TARGET_NAME)";
				SWIFT_VERSION = 5.0;
				TARGETED_DEVICE_FAMILY = "1,2";
				TEST_TARGET_NAME = Messenger;
			};
			name = Debug;
		};
		A3D72A6D26BECB1D00332E44 /* Release */ = {
			isa = XCBuildConfiguration;
			buildSettings = {
				ALWAYS_EMBED_SWIFT_STANDARD_LIBRARIES = YES;
				CODE_SIGN_STYLE = Automatic;
				DEVELOPMENT_TEAM = NW4TV32R2S;
				INFOPLIST_FILE = MessengerUITests/Info.plist;
				LD_RUNPATH_SEARCH_PATHS = (
					"$(inherited)",
					"@executable_path/Frameworks",
					"@loader_path/Frameworks",
				);
				PRODUCT_BUNDLE_IDENTIFIER = tinguyen.MessengerUITests;
				PRODUCT_NAME = "$(TARGET_NAME)";
				SWIFT_VERSION = 5.0;
				TARGETED_DEVICE_FAMILY = "1,2";
				TEST_TARGET_NAME = Messenger;
			};
			name = Release;
		};
/* End XCBuildConfiguration section */

/* Begin XCConfigurationList section */
		A3D72A3B26BECB1C00332E44 /* Build configuration list for PBXProject "Messenger" */ = {
			isa = XCConfigurationList;
			buildConfigurations = (
				A3D72A6326BECB1D00332E44 /* Debug */,
				A3D72A6426BECB1D00332E44 /* Release */,
			);
			defaultConfigurationIsVisible = 0;
			defaultConfigurationName = Release;
		};
		A3D72A6526BECB1D00332E44 /* Build configuration list for PBXNativeTarget "Messenger" */ = {
			isa = XCConfigurationList;
			buildConfigurations = (
				A3D72A6626BECB1D00332E44 /* Debug */,
				A3D72A6726BECB1D00332E44 /* Release */,
			);
			defaultConfigurationIsVisible = 0;
			defaultConfigurationName = Release;
		};
		A3D72A6826BECB1D00332E44 /* Build configuration list for PBXNativeTarget "MessengerTests" */ = {
			isa = XCConfigurationList;
			buildConfigurations = (
				A3D72A6926BECB1D00332E44 /* Debug */,
				A3D72A6A26BECB1D00332E44 /* Release */,
			);
			defaultConfigurationIsVisible = 0;
			defaultConfigurationName = Release;
		};
		A3D72A6B26BECB1D00332E44 /* Build configuration list for PBXNativeTarget "MessengerUITests" */ = {
			isa = XCConfigurationList;
			buildConfigurations = (
				A3D72A6C26BECB1D00332E44 /* Debug */,
				A3D72A6D26BECB1D00332E44 /* Release */,
			);
			defaultConfigurationIsVisible = 0;
			defaultConfigurationName = Release;
		};
/* End XCConfigurationList section */

/* Begin XCRemoteSwiftPackageReference section */
		A3481CA526C5DB2900E9C6FB /* XCRemoteSwiftPackageReference "socket.io-client-swift" */ = {
			isa = XCRemoteSwiftPackageReference;
			repositoryURL = "https://github.com/socketio/socket.io-client-swift.git";
			requirement = {
				kind = upToNextMajorVersion;
				minimumVersion = 16.0.1;
			};
		};
		A3C4845626C23BCC0037389D /* XCRemoteSwiftPackageReference "Alamofire" */ = {
			isa = XCRemoteSwiftPackageReference;
			repositoryURL = "https://github.com/Alamofire/Alamofire.git";
			requirement = {
				kind = upToNextMajorVersion;
				minimumVersion = 5.4.3;
			};
		};
/* End XCRemoteSwiftPackageReference section */

/* Begin XCSwiftPackageProductDependency section */
		A3481CA626C5DB2900E9C6FB /* SocketIO */ = {
			isa = XCSwiftPackageProductDependency;
			package = A3481CA526C5DB2900E9C6FB /* XCRemoteSwiftPackageReference "socket.io-client-swift" */;
			productName = SocketIO;
		};
		A3C4845726C23BCC0037389D /* Alamofire */ = {
			isa = XCSwiftPackageProductDependency;
			package = A3C4845626C23BCC0037389D /* XCRemoteSwiftPackageReference "Alamofire" */;
			productName = Alamofire;
		};
/* End XCSwiftPackageProductDependency section */
	};
	rootObject = A3D72A3826BECB1C00332E44 /* Project object */;
}
