{
  "object": {
    "pins": [
      {
        "package": "Alamofire",
        "repositoryURL": "https://github.com/Alamofire/Alamofire.git",
        "state": {
          "branch": null,
          "revision": "f96b619bcb2383b43d898402283924b80e2c4bae",
          "version": "5.4.3"
        }
      },
      {
        "package": "SocketIO",
        "repositoryURL": "https://github.com/socketio/socket.io-client-swift.git",
        "state": {
          "branch": null,
          "revision": "af5ce97b755d964235348d96f6db5cbdcbe334a5",
          "version": "16.0.1"
        }
      },
      {
        "package": "Starscream",
        "repositoryURL": "https://github.com/daltoniam/Starscream",
        "state": {
          "branch": null,
          "revision": "df8d82047f6654d8e4b655d1b1525c64e1059d21",
          "version": "4.0.4"
        }
      }
    ]
  },
  "version": 1
}
